# THIS IS AN AUTOGENERATED FILE. DO NOT EDIT THIS FILE DIRECTLY.
# yarn lockfile v1


"@types/uuid@^9.0.2":
  version "9.0.2"
  resolved "https://registry.yarnpkg.com/@types/uuid/-/uuid-9.0.2.tgz#ede1d1b1e451548d44919dc226253e32a6952c4b"
  integrity sha512-kNnC1GFBLuhImSnV7w4njQkUiJi0ZXUycu1rUaouPqiKlXkh77JKgdRnTAp1x5eBwcIwbtI+3otwzuIDEuDoxQ==

awesome-toast-component@^2.0.6:
  version "2.0.6"
  resolved "https://registry.yarnpkg.com/awesome-toast-component/-/awesome-toast-component-2.0.6.tgz#d80db624cdb9f3aa245f5ce7b47c5ac09a71e552"
  integrity sha512-6RjeS+vdlpjyTkGeTDvDwUUghQbcpcbCI68Uy8YoqSclnZyaUIQvIGjNQHWVejYSFyQjlN7nG/ifrwBPCeCd1g==

clsx@^2.0.0:
  version "2.0.0"
  resolved "https://registry.yarnpkg.com/clsx/-/clsx-2.0.0.tgz#12658f3fd98fafe62075595a5c30e43d18f3d00b"
  integrity sha512-rQ1+kcj+ttHG0MKVGBUXwayCCF1oh39BF5COIpRzuCEv8Mwjv0XucrI2ExNTOn9IlLifGClWQcU9BrZORvtw6Q==

react-nextjs-toast@^1.2.5:
  version "1.2.5"
  resolved "https://registry.yarnpkg.com/react-nextjs-toast/-/react-nextjs-toast-1.2.5.tgz#fa2a6f7415eb1558e4c77fa5d01e20c6ccacf8a0"
  integrity sha512-N79HUrZIbjyi50FD8w2cqi5qBz6QFX+4ZPHo0wT1w1ZZzLjbrqsxL0SH4Xv4TvXXfZyskADxpvg6lKmXyRZeuA==

uuid@^9.0.0:
  version "9.0.0"
  resolved "https://registry.yarnpkg.com/uuid/-/uuid-9.0.0.tgz#592f550650024a38ceb0c562f2f6aa435761efb5"
  integrity sha512-MXcSTerfPa4uqyzStbRoTgt5XIe3x5+42+q1sDuy3R5MDk66URdLMOZe5aPX/SQd+kuYAh0FdP/pO28IkQyTeg==
